// !$*UTF8*$!
{
	archiveVersion = 1;
	classes = {
	};
	objectVersion = 77;
	objects = {

/* Begin PBXBuildFile section */
		7E59D3082FF9DCEE005C7F4B /* FluidAudio in Frameworks */ = {isa = PBXBuildFile; productRef = 7E59D3072FF9DCEE005C7F4B /* FluidAudio */; };
		C1A1E2049F1E4A2B8C6D0F04 /* libtp7mtp.dylib in Frameworks */ = {isa = PBXBuildFile; fileRef = C1A1E2059F1E4A2B8C6D0F05 /* libtp7mtp.dylib */; };
		C1A1E2069F1E4A2B8C6D0F06 /* libusb-1.0.0.dylib in Frameworks */ = {isa = PBXBuildFile; fileRef = C1A1E2079F1E4A2B8C6D0F07 /* libusb-1.0.0.dylib */; };
		C1A1E2089F1E4A2B8C6D0F08 /* libtp7mtp.dylib in Embed Vendored Libraries */ = {isa = PBXBuildFile; fileRef = C1A1E2059F1E4A2B8C6D0F05 /* libtp7mtp.dylib */; settings = {ATTRIBUTES = (CodeSignOnCopy, ); }; };
		C1A1E2099F1E4A2B8C6D0F09 /* libusb-1.0.0.dylib in Embed Vendored Libraries */ = {isa = PBXBuildFile; fileRef = C1A1E2079F1E4A2B8C6D0F07 /* libusb-1.0.0.dylib */; settings = {ATTRIBUTES = (CodeSignOnCopy, ); }; };
		E8C0521153BBC298A4A89675 /* WhisperKit in Frameworks */ = {isa = PBXBuildFile; productRef = 6671A7855FACA8A9417F95BE /* WhisperKit */; };
/* End PBXBuildFile section */

/* Begin PBXContainerItemProxy section */
		9E6DCDB9E06EFFA31EFC1C03 /* PBXContainerItemProxy */ = {
			isa = PBXContainerItemProxy;
			containerPortal = 8ECCCD622F15E24600FFB286 /* Project object */;
			proxyType = 1;
			remoteGlobalIDString = 8ECCCD692F15E24600FFB286;
			remoteInfo = TeenageEngVoiceSync;
		};
/* End PBXContainerItemProxy section */

/* Begin PBXCopyFilesBuildPhase section */
		C1A1E20D9F1E4A2B8C6D0F0D /* Embed Vendored Libraries */ = {
			isa = PBXCopyFilesBuildPhase;
			buildActionMask = 2147483647;
			dstPath = "";
			dstSubfolderSpec = 10;
			files = (
				C1A1E2089F1E4A2B8C6D0F08 /* libtp7mtp.dylib in Embed Vendored Libraries */,
				C1A1E2099F1E4A2B8C6D0F09 /* libusb-1.0.0.dylib in Embed Vendored Libraries */,
			);
			name = "Embed Vendored Libraries";
			runOnlyForDeploymentPostprocessing = 0;
		};
/* End PBXCopyFilesBuildPhase section */

/* Begin PBXFileReference section */
		871EAC42C8610CB612B7F945 /* TeenageEngVoiceSyncTests.xctest */ = {isa = PBXFileReference; explicitFileType = wrapper.cfbundle; includeInIndex = 0; path = TeenageEngVoiceSyncTests.xctest; sourceTree = BUILT_PRODUCTS_DIR; };
		8ECCCD6A2F15E24600FFB286 /* TP-7 VoiceSync.app */ = {isa = PBXFileReference; explicitFileType = wrapper.application; includeInIndex = 0; path = "TP-7 VoiceSync.app"; sourceTree = BUILT_PRODUCTS_DIR; };
		C1A1E2059F1E4A2B8C6D0F05 /* libtp7mtp.dylib */ = {isa = PBXFileReference; lastKnownFileType = "compiled.mach-o.dylib"; path = libtp7mtp.dylib; sourceTree = "<group>"; };
		C1A1E2079F1E4A2B8C6D0F07 /* libusb-1.0.0.dylib */ = {isa = PBXFileReference; lastKnownFileType = "compiled.mach-o.dylib"; path = "libusb-1.0.0.dylib"; sourceTree = "<group>"; };
		C1A1E20A9F1E4A2B8C6D0F0A /* libtp7mtp.h */ = {isa = PBXFileReference; lastKnownFileType = sourcecode.c.h; path = libtp7mtp.h; sourceTree = "<group>"; };
/* End PBXFileReference section */

/* Begin PBXFileSystemSynchronizedRootGroup section */
		8ECCCD6C2F15E24600FFB286 /* TeenageEngVoiceSync */ = {
			isa = PBXFileSystemSynchronizedRootGroup;
			path = TeenageEngVoiceSync;
			sourceTree = "<group>";
		};
		E8CB9852B4DA780774B60555 /* TeenageEngVoiceSyncTests */ = {
			isa = PBXFileSystemSynchronizedRootGroup;
			path = TeenageEngVoiceSyncTests;
			sourceTree = "<group>";
		};
/* End PBXFileSystemSynchronizedRootGroup section */

/* Begin PBXFrameworksBuildPhase section */
		74968E4BA0A32B0FB65328D7 /* Frameworks */ = {
			isa = PBXFrameworksBuildPhase;
			buildActionMask = 2147483647;
			files = (
			);
			runOnlyForDeploymentPostprocessing = 0;
		};
		8ECCCD672F15E24600FFB286 /* Frameworks */ = {
			isa = PBXFrameworksBuildPhase;
			buildActionMask = 2147483647;
			files = (
				7E59D3082FF9DCEE005C7F4B /* FluidAudio in Frameworks */,
				E8C0521153BBC298A4A89675 /* WhisperKit in Frameworks */,
				C1A1E2049F1E4A2B8C6D0F04 /* libtp7mtp.dylib in Frameworks */,
				C1A1E2069F1E4A2B8C6D0F06 /* libusb-1.0.0.dylib in Frameworks */,
			);
			runOnlyForDeploymentPostprocessing = 0;
		};
/* End PBXFrameworksBuildPhase section */

/* Begin PBXGroup section */
		8ECCCD612F15E24600FFB286 = {
			isa = PBXGroup;
			children = (
				8ECCCD6C2F15E24600FFB286 /* TeenageEngVoiceSync */,
				E8CB9852B4DA780774B60555 /* TeenageEngVoiceSyncTests */,
				C1A1E20B9F1E4A2B8C6D0F0B /* Vendor */,
				8ECCCD6B2F15E24600FFB286 /* Products */,
			);
			sourceTree = "<group>";
		};
		8ECCCD6B2F15E24600FFB286 /* Products */ = {
			isa = PBXGroup;
			children = (
				8ECCCD6A2F15E24600FFB286 /* TP-7 VoiceSync.app */,
				871EAC42C8610CB612B7F945 /* TeenageEngVoiceSyncTests.xctest */,
			);
			name = Products;
			sourceTree = "<group>";
		};
		C1A1E20B9F1E4A2B8C6D0F0B /* Vendor */ = {
			isa = PBXGroup;
			children = (
				C1A1E20C9F1E4A2B8C6D0F0C /* TP7MTP */,
			);
			path = Vendor;
			sourceTree = "<group>";
		};
		C1A1E20C9F1E4A2B8C6D0F0C /* TP7MTP */ = {
			isa = PBXGroup;
			children = (
				C1A1E2059F1E4A2B8C6D0F05 /* libtp7mtp.dylib */,
				C1A1E20A9F1E4A2B8C6D0F0A /* libtp7mtp.h */,
				C1A1E2079F1E4A2B8C6D0F07 /* libusb-1.0.0.dylib */,
			);
			path = TP7MTP;
			sourceTree = "<group>";
		};
/* End PBXGroup section */

/* Begin PBXNativeTarget section */
		8ECCCD692F15E24600FFB286 /* TeenageEngVoiceSync */ = {
			isa = PBXNativeTarget;
			buildConfigurationList = 8ECCCD8B2F15E24800FFB286 /* Build configuration list for PBXNativeTarget "TeenageEngVoiceSync" */;
			buildPhases = (
				8ECCCD662F15E24600FFB286 /* Sources */,
				8ECCCD672F15E24600FFB286 /* Frameworks */,
				8ECCCD682F15E24600FFB286 /* Resources */,
				C1A1E20D9F1E4A2B8C6D0F0D /* Embed Vendored Libraries */,
			);
			buildRules = (
			);
			dependencies = (
			);
			fileSystemSynchronizedGroups = (
				8ECCCD6C2F15E24600FFB286 /* TeenageEngVoiceSync */,
			);
			name = TeenageEngVoiceSync;
			packageProductDependencies = (
				6671A7855FACA8A9417F95BE /* WhisperKit */,
				7E59D3072FF9DCEE005C7F4B /* FluidAudio */,
			);
			productName = TeenageEngVoiceSync;
			productReference = 8ECCCD6A2F15E24600FFB286 /* TP-7 VoiceSync.app */;
			productType = "com.apple.product-type.application";
		};
		F04C3E76D35C131892C5D9E4 /* TeenageEngVoiceSyncTests */ = {
			isa = PBXNativeTarget;
			buildConfigurationList = A94E20B46C3EBF755D6E5958 /* Build configuration list for PBXNativeTarget "TeenageEngVoiceSyncTests" */;
			buildPhases = (
				D2F0022DDD2A447782F39F9A /* Sources */,
				74968E4BA0A32B0FB65328D7 /* Frameworks */,
				D751137A23C589A367D8634C /* Resources */,
			);
			buildRules = (
			);
			dependencies = (
				793A9B84FE395007616B3073 /* PBXTargetDependency */,
			);
			fileSystemSynchronizedGroups = (
				E8CB9852B4DA780774B60555 /* TeenageEngVoiceSyncTests */,
			);
			name = TeenageEngVoiceSyncTests;
			productName = TeenageEngVoiceSyncTests;
			productReference = 871EAC42C8610CB612B7F945 /* TeenageEngVoiceSyncTests.xctest */;
			productType = "com.apple.product-type.bundle.unit-test";
		};
/* End PBXNativeTarget section */

/* Begin PBXProject section */
		8ECCCD622F15E24600FFB286 /* Project object */ = {
			isa = PBXProject;
			attributes = {
				BuildIndependentTargetsInParallel = 1;
				LastSwiftUpdateCheck = 2600;
				LastUpgradeCheck = 2650;
				TargetAttributes = {
					8ECCCD692F15E24600FFB286 = {
						CreatedOnToolsVersion = 26.0.1;
					};
					F04C3E76D35C131892C5D9E4 = {
						CreatedOnToolsVersion = 26.0.1;
						TestTargetID = 8ECCCD692F15E24600FFB286;
					};
				};
			};
			buildConfigurationList = 8ECCCD652F15E24600FFB286 /* Build configuration list for PBXProject "TeenageEngVoiceSync" */;
			developmentRegion = en;
			hasScannedForEncodings = 0;
			knownRegions = (
				en,
				Base,
			);
			mainGroup = 8ECCCD612F15E24600FFB286;
			minimizedProjectReferenceProxies = 1;
			packageReferences = (
				81D8A9F9F9818A4843D8D40A /* XCRemoteSwiftPackageReference "WhisperKit" */,
				7E59D3062FF9DCEE005C7F4B /* XCRemoteSwiftPackageReference "FluidAudio" */,
			);
			preferredProjectObjectVersion = 77;
			productRefGroup = 8ECCCD6B2F15E24600FFB286 /* Products */;
			projectDirPath = "";
			projectRoot = "";
			targets = (
				8ECCCD692F15E24600FFB286 /* TeenageEngVoiceSync */,
				F04C3E76D35C131892C5D9E4 /* TeenageEngVoiceSyncTests */,
			);
		};
/* End PBXProject section */

/* Begin PBXResourcesBuildPhase section */
		8ECCCD682F15E24600FFB286 /* Resources */ = {
			isa = PBXResourcesBuildPhase;
			buildActionMask = 2147483647;
			files = (
			);
			runOnlyForDeploymentPostprocessing = 0;
		};
		D751137A23C589A367D8634C /* Resources */ = {
			isa = PBXResourcesBuildPhase;
			buildActionMask = 2147483647;
			files = (
			);
			runOnlyForDeploymentPostprocessing = 0;
		};
/* End PBXResourcesBuildPhase section */

/* Begin PBXSourcesBuildPhase section */
		8ECCCD662F15E24600FFB286 /* Sources */ = {
			isa = PBXSourcesBuildPhase;
			buildActionMask = 2147483647;
			files = (
			);
			runOnlyForDeploymentPostprocessing = 0;
		};
		D2F0022DDD2A447782F39F9A /* Sources */ = {
			isa = PBXSourcesBuildPhase;
			buildActionMask = 2147483647;
			files = (
			);
			runOnlyForDeploymentPostprocessing = 0;
		};
/* End PBXSourcesBuildPhase section */

/* Begin PBXTargetDependency section */
		793A9B84FE395007616B3073 /* PBXTargetDependency */ = {
			isa = PBXTargetDependency;
			target = 8ECCCD692F15E24600FFB286 /* TeenageEngVoiceSync */;
			targetProxy = 9E6DCDB9E06EFFA31EFC1C03 /* PBXContainerItemProxy */;
		};
/* End PBXTargetDependency section */

/* Begin XCBuildConfiguration section */
		0A9F07FB54124E6B1FDA051D /* Debug */ = {
			isa = XCBuildConfiguration;
			buildSettings = {
				BUNDLE_LOADER = "$(TEST_HOST)";
				CODE_SIGN_STYLE = Automatic;
				CURRENT_PROJECT_VERSION = 1;
				GENERATE_INFOPLIST_FILE = YES;
				MACOSX_DEPLOYMENT_TARGET = 14.0;
				MARKETING_VERSION = 1.0;
				PRODUCT_BUNDLE_IDENTIFIER = us.cwill.TeenageEngVoiceSyncTests;
				PRODUCT_NAME = "$(TARGET_NAME)";
				SWIFT_EMIT_LOC_STRINGS = NO;
				SWIFT_VERSION = 5.0;
				TEST_HOST = "$(BUILT_PRODUCTS_DIR)/TP-7 VoiceSync.app/Contents/MacOS/TP-7 VoiceSync";
			};
			name = Debug;
		};
		3CAB6816E85B5910375730F5 /* Release */ = {
			isa = XCBuildConfiguration;
			buildSettings = {
				BUNDLE_LOADER = "$(TEST_HOST)";
				CODE_SIGN_STYLE = Automatic;
				CURRENT_PROJECT_VERSION = 1;
				GENERATE_INFOPLIST_FILE = YES;
				MACOSX_DEPLOYMENT_TARGET = 14.0;
				MARKETING_VERSION = 1.0;
				PRODUCT_BUNDLE_IDENTIFIER = us.cwill.TeenageEngVoiceSyncTests;
				PRODUCT_NAME = "$(TARGET_NAME)";
				SWIFT_EMIT_LOC_STRINGS = NO;
				SWIFT_VERSION = 5.0;
				TEST_HOST = "$(BUILT_PRODUCTS_DIR)/TP-7 VoiceSync.app/Contents/MacOS/TP-7 VoiceSync";
			};
			name = Release;
		};
		8ECCCD892F15E24800FFB286 /* Debug */ = {
			isa = XCBuildConfiguration;
			buildSettings = {
				ALWAYS_SEARCH_USER_PATHS = NO;
				ASSETCATALOG_COMPILER_GENERATE_SWIFT_ASSET_SYMBOL_EXTENSIONS = YES;
				CLANG_ANALYZER_NONNULL = YES;
				CLANG_ANALYZER_NUMBER_OBJECT_CONVERSION = YES_AGGRESSIVE;
				CLANG_CXX_LANGUAGE_STANDARD = "gnu++20";
				CLANG_ENABLE_MODULES = YES;
				CLANG_ENABLE_OBJC_ARC = YES;
				CLANG_ENABLE_OBJC_WEAK = YES;
				CLANG_WARN_BLOCK_CAPTURE_AUTORELEASING = YES;
				CLANG_WARN_BOOL_CONVERSION = YES;
				CLANG_WARN_COMMA = YES;
				CLANG_WARN_CONSTANT_CONVERSION = YES;
				CLANG_WARN_DEPRECATED_OBJC_IMPLEMENTATIONS = YES;
				CLANG_WARN_DIRECT_OBJC_ISA_USAGE = YES_ERROR;
				CLANG_WARN_DOCUMENTATION_COMMENTS = YES;
				CLANG_WARN_EMPTY_BODY = YES;
				CLANG_WARN_ENUM_CONVERSION = YES;
				CLANG_WARN_INFINITE_RECURSION = YES;
				CLANG_WARN_INT_CONVERSION = YES;
				CLANG_WARN_NON_LITERAL_NULL_CONVERSION = YES;
				CLANG_WARN_OBJC_IMPLICIT_RETAIN_SELF = YES;
				CLANG_WARN_OBJC_LITERAL_CONVERSION = YES;
				CLANG_WARN_OBJC_ROOT_CLASS = YES_ERROR;
				CLANG_WARN_QUOTED_INCLUDE_IN_FRAMEWORK_HEADER = YES;
				CLANG_WARN_RANGE_LOOP_ANALYSIS = YES;
				CLANG_WARN_STRICT_PROTOTYPES = YES;
				CLANG_WARN_SUSPICIOUS_MOVE = YES;
				CLANG_WARN_UNGUARDED_AVAILABILITY = YES_AGGRESSIVE;
				CLANG_WARN_UNREACHABLE_CODE = YES;
				CLANG_WARN__DUPLICATE_METHOD_MATCH = YES;
				COPY_PHASE_STRIP = NO;
				DEAD_CODE_STRIPPING = YES;
				DEBUG_INFORMATION_FORMAT = dwarf;
				DEVELOPMENT_TEAM = 5XZ5XQ2F3F;
				ENABLE_STRICT_OBJC_MSGSEND = YES;
				ENABLE_TESTABILITY = YES;
				ENABLE_USER_SCRIPT_SANDBOXING = YES;
				GCC_C_LANGUAGE_STANDARD = gnu17;
				GCC_DYNAMIC_NO_PIC = NO;
				GCC_NO_COMMON_BLOCKS = YES;
				GCC_OPTIMIZATION_LEVEL = 0;
				GCC_PREPROCESSOR_DEFINITIONS = (
					"DEBUG=1",
					"$(inherited)",
				);
				GCC_WARN_64_TO_32_BIT_CONVERSION = YES;
				GCC_WARN_ABOUT_RETURN_TYPE = YES_ERROR;
				GCC_WARN_UNDECLARED_SELECTOR = YES;
				GCC_WARN_UNINITIALIZED_AUTOS = YES_AGGRESSIVE;
				GCC_WARN_UNUSED_FUNCTION = YES;
				GCC_WARN_UNUSED_VARIABLE = YES;
				LOCALIZATION_PREFERS_STRING_CATALOGS = YES;
				MACOSX_DEPLOYMENT_TARGET = 14.0;
				MTL_ENABLE_DEBUG_INFO = INCLUDE_SOURCE;
				MTL_FAST_MATH = YES;
				ONLY_ACTIVE_ARCH = YES;
				SDKROOT = macosx;
				STRING_CATALOG_GENERATE_SYMBOLS = YES;
				SWIFT_ACTIVE_COMPILATION_CONDITIONS = "DEBUG $(inherited)";
				SWIFT_OPTIMIZATION_LEVEL = "-Onone";
			};
			name = Debug;
		};
		8ECCCD8A2F15E24800FFB286 /* Release */ = {
			isa = XCBuildConfiguration;
			buildSettings = {
				ALWAYS_SEARCH_USER_PATHS = NO;
				ASSETCATALOG_COMPILER_GENERATE_SWIFT_ASSET_SYMBOL_EXTENSIONS = YES;
				CLANG_ANALYZER_NONNULL = YES;
				CLANG_ANALYZER_NUMBER_OBJECT_CONVERSION = YES_AGGRESSIVE;
				CLANG_CXX_LANGUAGE_STANDARD = "gnu++20";
				CLANG_ENABLE_MODULES = YES;
				CLANG_ENABLE_OBJC_ARC = YES;
				CLANG_ENABLE_OBJC_WEAK = YES;
				CLANG_WARN_BLOCK_CAPTURE_AUTORELEASING = YES;
				CLANG_WARN_BOOL_CONVERSION = YES;
				CLANG_WARN_COMMA = YES;
				CLANG_WARN_CONSTANT_CONVERSION = YES;
				CLANG_WARN_DEPRECATED_OBJC_IMPLEMENTATIONS = YES;
				CLANG_WARN_DIRECT_OBJC_ISA_USAGE = YES_ERROR;
				CLANG_WARN_DOCUMENTATION_COMMENTS = YES;
				CLANG_WARN_EMPTY_BODY = YES;
				CLANG_WARN_ENUM_CONVERSION = YES;
				CLANG_WARN_INFINITE_RECURSION = YES;
				CLANG_WARN_INT_CONVERSION = YES;
				CLANG_WARN_NON_LITERAL_NULL_CONVERSION = YES;
				CLANG_WARN_OBJC_IMPLICIT_RETAIN_SELF = YES;
				CLANG_WARN_OBJC_LITERAL_CONVERSION = YES;
				CLANG_WARN_OBJC_ROOT_CLASS = YES_ERROR;
				CLANG_WARN_QUOTED_INCLUDE_IN_FRAMEWORK_HEADER = YES;
				CLANG_WARN_RANGE_LOOP_ANALYSIS = YES;
				CLANG_WARN_STRICT_PROTOTYPES = YES;
				CLANG_WARN_SUSPICIOUS_MOVE = YES;
				CLANG_WARN_UNGUARDED_AVAILABILITY = YES_AGGRESSIVE;
				CLANG_WARN_UNREACHABLE_CODE = YES;
				CLANG_WARN__DUPLICATE_METHOD_MATCH = YES;
				COPY_PHASE_STRIP = NO;
				DEAD_CODE_STRIPPING = YES;
				DEBUG_INFORMATION_FORMAT = "dwarf-with-dsym";
				DEVELOPMENT_TEAM = 5XZ5XQ2F3F;
				ENABLE_NS_ASSERTIONS = NO;
				ENABLE_STRICT_OBJC_MSGSEND = YES;
				ENABLE_USER_SCRIPT_SANDBOXING = YES;
				GCC_C_LANGUAGE_STANDARD = gnu17;
				GCC_NO_COMMON_BLOCKS = YES;
				GCC_WARN_64_TO_32_BIT_CONVERSION = YES;
				GCC_WARN_ABOUT_RETURN_TYPE = YES_ERROR;
				GCC_WARN_UNDECLARED_SELECTOR = YES;
				GCC_WARN_UNINITIALIZED_AUTOS = YES_AGGRESSIVE;
				GCC_WARN_UNUSED_FUNCTION = YES;
				GCC_WARN_UNUSED_VARIABLE = YES;
				LOCALIZATION_PREFERS_STRING_CATALOGS = YES;
				MACOSX_DEPLOYMENT_TARGET = 14.0;
				MTL_ENABLE_DEBUG_INFO = NO;
				MTL_FAST_MATH = YES;
				SDKROOT = macosx;
				STRING_CATALOG_GENERATE_SYMBOLS = YES;
				SWIFT_COMPILATION_MODE = wholemodule;
			};
			name = Release;
		};
		8ECCCD8C2F15E24800FFB286 /* Debug */ = {
			isa = XCBuildConfiguration;
			buildSettings = {
				ASSETCATALOG_COMPILER_APPICON_NAME = AppIcon;
				ASSETCATALOG_COMPILER_GLOBAL_ACCENT_COLOR_NAME = AccentColor;
				CODE_SIGN_ENTITLEMENTS = TeenageEngVoiceSync/TeenageEngVoiceSync.entitlements;
				CODE_SIGN_IDENTITY = "Apple Development";
				CODE_SIGN_STYLE = Automatic;
				COMBINE_HIDPI_IMAGES = YES;
				CURRENT_PROJECT_VERSION = 1;
				DEAD_CODE_STRIPPING = YES;
				ENABLE_APP_SANDBOX = YES;
				ENABLE_HARDENED_RUNTIME = YES;
				ENABLE_PREVIEWS = YES;
				ENABLE_USER_SELECTED_FILES = readwrite;
				GENERATE_INFOPLIST_FILE = YES;
				HEADER_SEARCH_PATHS = (
					"$(inherited)",
					"$(PROJECT_DIR)/Vendor/TP7MTP",
				);
				INFOPLIST_KEY_CFBundleDisplayName = "TP-7 VoiceSync";
				INFOPLIST_KEY_LSApplicationCategoryType = "public.app-category.productivity";
				INFOPLIST_KEY_LSUIElement = NO;
				INFOPLIST_KEY_NSAppleEventsUsageDescription = "TP-7 VoiceSync needs to access Notes to save your transcriptions.";
				INFOPLIST_KEY_NSHumanReadableCopyright = "© 2026 Cameron Will";
				LD_RUNPATH_SEARCH_PATHS = (
					"$(inherited)",
					"@executable_path/../Frameworks",
				);
				LIBRARY_SEARCH_PATHS = (
					"$(inherited)",
					"$(PROJECT_DIR)/Vendor/TP7MTP",
				);
				MARKETING_VERSION = 1.0;
				PRODUCT_BUNDLE_IDENTIFIER = us.cwill.TeenageEngVoiceSync;
				PRODUCT_NAME = "TP-7 VoiceSync";
				PROVISIONING_PROFILE_SPECIFIER = "";
				REGISTER_APP_GROUPS = YES;
				STRING_CATALOG_GENERATE_SYMBOLS = YES;
				SWIFT_APPROACHABLE_CONCURRENCY = YES;
				SWIFT_DEFAULT_ACTOR_ISOLATION = MainActor;
				SWIFT_EMIT_LOC_STRINGS = YES;
				SWIFT_OBJC_BRIDGING_HEADER = TeenageEngVoiceSync/TP7MTPBridging.h;
				SWIFT_STRICT_CONCURRENCY = complete;
				SWIFT_UPCOMING_FEATURE_MEMBER_IMPORT_VISIBILITY = YES;
				SWIFT_VERSION = 5.0;
			};
			name = Debug;
		};
		8ECCCD8D2F15E24800FFB286 /* Release */ = {
			isa = XCBuildConfiguration;
			buildSettings = {
				ASSETCATALOG_COMPILER_APPICON_NAME = AppIcon;
				ASSETCATALOG_COMPILER_GLOBAL_ACCENT_COLOR_NAME = AccentColor;
				CODE_SIGN_ENTITLEMENTS = TeenageEngVoiceSync/TeenageEngVoiceSync.entitlements;
				CODE_SIGN_IDENTITY = "Apple Development";
				CODE_SIGN_STYLE = Automatic;
				COMBINE_HIDPI_IMAGES = YES;
				CURRENT_PROJECT_VERSION = 1;
				DEAD_CODE_STRIPPING = YES;
				ENABLE_APP_SANDBOX = YES;
				ENABLE_HARDENED_RUNTIME = YES;
				ENABLE_PREVIEWS = YES;
				ENABLE_USER_SELECTED_FILES = readwrite;
				GENERATE_INFOPLIST_FILE = YES;
				HEADER_SEARCH_PATHS = (
					"$(inherited)",
					"$(PROJECT_DIR)/Vendor/TP7MTP",
				);
				INFOPLIST_KEY_CFBundleDisplayName = "TP-7 VoiceSync";
				INFOPLIST_KEY_LSApplicationCategoryType = "public.app-category.productivity";
				INFOPLIST_KEY_LSUIElement = NO;
				INFOPLIST_KEY_NSAppleEventsUsageDescription = "TP-7 VoiceSync needs to access Notes to save your transcriptions.";
				INFOPLIST_KEY_NSHumanReadableCopyright = "© 2026 Cameron Will";
				LD_RUNPATH_SEARCH_PATHS = (
					"$(inherited)",
					"@executable_path/../Frameworks",
				);
				LIBRARY_SEARCH_PATHS = (
					"$(inherited)",
					"$(PROJECT_DIR)/Vendor/TP7MTP",
				);
				MARKETING_VERSION = 1.0;
				PRODUCT_BUNDLE_IDENTIFIER = us.cwill.TeenageEngVoiceSync;
				PRODUCT_NAME = "TP-7 VoiceSync";
				PROVISIONING_PROFILE_SPECIFIER = "";
				REGISTER_APP_GROUPS = YES;
				STRING_CATALOG_GENERATE_SYMBOLS = YES;
				SWIFT_APPROACHABLE_CONCURRENCY = YES;
				SWIFT_DEFAULT_ACTOR_ISOLATION = MainActor;
				SWIFT_EMIT_LOC_STRINGS = YES;
				SWIFT_OBJC_BRIDGING_HEADER = TeenageEngVoiceSync/TP7MTPBridging.h;
				SWIFT_STRICT_CONCURRENCY = complete;
				SWIFT_UPCOMING_FEATURE_MEMBER_IMPORT_VISIBILITY = YES;
				SWIFT_VERSION = 5.0;
			};
			name = Release;
		};
/* End XCBuildConfiguration section */

/* Begin XCConfigurationList section */
		8ECCCD652F15E24600FFB286 /* Build configuration list for PBXProject "TeenageEngVoiceSync" */ = {
			isa = XCConfigurationList;
			buildConfigurations = (
				8ECCCD892F15E24800FFB286 /* Debug */,
				8ECCCD8A2F15E24800FFB286 /* Release */,
			);
			defaultConfigurationIsVisible = 0;
			defaultConfigurationName = Release;
		};
		8ECCCD8B2F15E24800FFB286 /* Build configuration list for PBXNativeTarget "TeenageEngVoiceSync" */ = {
			isa = XCConfigurationList;
			buildConfigurations = (
				8ECCCD8C2F15E24800FFB286 /* Debug */,
				8ECCCD8D2F15E24800FFB286 /* Release */,
			);
			defaultConfigurationIsVisible = 0;
			defaultConfigurationName = Release;
		};
		A94E20B46C3EBF755D6E5958 /* Build configuration list for PBXNativeTarget "TeenageEngVoiceSyncTests" */ = {
			isa = XCConfigurationList;
			buildConfigurations = (
				0A9F07FB54124E6B1FDA051D /* Debug */,
				3CAB6816E85B5910375730F5 /* Release */,
			);
			defaultConfigurationIsVisible = 0;
			defaultConfigurationName = Release;
		};
/* End XCConfigurationList section */

/* Begin XCRemoteSwiftPackageReference section */
		7E59D3062FF9DCEE005C7F4B /* XCRemoteSwiftPackageReference "FluidAudio" */ = {
			isa = XCRemoteSwiftPackageReference;
			repositoryURL = "https://github.com/FluidInference/FluidAudio.git";
			requirement = {
				kind = versionRange;
				maximumVersion = 1.0.0;
				minimumVersion = 0.15.5;
			};
		};
		81D8A9F9F9818A4843D8D40A /* XCRemoteSwiftPackageReference "WhisperKit" */ = {
			isa = XCRemoteSwiftPackageReference;
			repositoryURL = "https://github.com/argmaxinc/WhisperKit.git";
			requirement = {
				kind = upToNextMajorVersion;
				minimumVersion = 1.0.0;
			};
		};
/* End XCRemoteSwiftPackageReference section */

/* Begin XCSwiftPackageProductDependency section */
		6671A7855FACA8A9417F95BE /* WhisperKit */ = {
			isa = XCSwiftPackageProductDependency;
			package = 81D8A9F9F9818A4843D8D40A /* XCRemoteSwiftPackageReference "WhisperKit" */;
			productName = WhisperKit;
		};
		7E59D3072FF9DCEE005C7F4B /* FluidAudio */ = {
			isa = XCSwiftPackageProductDependency;
			package = 7E59D3062FF9DCEE005C7F4B /* XCRemoteSwiftPackageReference "FluidAudio" */;
			productName = FluidAudio;
		};
/* End XCSwiftPackageProductDependency section */
	};
	rootObject = 8ECCCD622F15E24600FFB286 /* Project object */;
}
